
Microsoft Visual Studio Solution File, Format Version 12.00
# Visual Studio 14
VisualStudioVersion = 14.0.24720.0
MinimumVisualStudioVersion = 10.0.40219.1
Project("{FAE04EC0-301F-11D3-BF4B-00C04F79EFBC}") = "ProducerConsumer.Console", "ProducerConsumer.Console\ProducerConsumer.Console.csproj", "{D1E9F407-391F-4BE7-B038-F0F399573868}"
EndProject
Global
	GlobalSection(SolutionConfigurationPlatforms) = preSolution
		Debug|Any CPU = Debug|Any CPU
		Release|Any CPU = Release|Any CPU
	EndGlobalSection
	GlobalSection(ProjectConfigurationPlatforms) = postSolution
		{D1E9F407-391F-4BE7-B038-F0F399573868}.Debug|Any CPU.ActiveCfg = Debug|Any CPU
		{D1E9F407-391F-4BE7-B038-F0F399573868}.Debug|Any CPU.Build.0 = Debug|Any CPU
		{D1E9F407-391F-4BE7-B038-F0F399573868}.Release|Any CPU.ActiveCfg = Release|Any CPU
		{D1E9F407-391F-4BE7-B038-F0F399573868}.Release|Any CPU.Build.0 = Release|Any CPU
	EndGlobalSection
	GlobalSection(SolutionProperties) = preSolution
		HideSolutionNode = FALSE
	EndGlobalSection
EndGlobal
